// !$*UTF8*$!
{
	archiveVersion = 1;
	classes = {
	};
	objectVersion = 46;
	objects = {

/* Begin PBXBuildFile section */
		1672BF0A1DCC812F006A4FB7 /* main.cpp in Sources */ = {isa = PBXBuildFile; fileRef = 1672BF091DCC812F006A4FB7 /* main.cpp */; };
		1672BF121DCC81F9006A4FB7 /* OpenGL.framework in Frameworks */ = {isa = PBXBuildFile; fileRef = 1672BF111DCC81F9006A4FB7 /* OpenGL.framework */; };
		1672BF141DCC821F006A4FB7 /* libglfw.3.2.dylib in Frameworks */ = {isa = PBXBuildFile; fileRef = 1672BF131DCC821F006A4FB7 /* libglfw.3.2.dylib */; };
/* End PBXBuildFile section */

/* Begin PBXCopyFilesBuildPhase section */
		1672BF041DCC812F006A4FB7 /* CopyFiles */ = {
			isa = PBXCopyFilesBuildPhase;
			buildActionMask = 2147483647;
			dstPath = /usr/share/man/man1/;
			dstSubfolderSpec = 0;
			files = (
			);
			runOnlyForDeploymentPostprocessing = 1;
		};
/* End PBXCopyFilesBuildPhase section */

/* Begin PBXFileReference section */
		1672BF061DCC812F006A4FB7 /* libigl-Demo-Mac */ = {isa = PBXFileReference; explicitFileType = "compiled.mach-o.executable"; includeInIndex = 0; path = "libigl-Demo-Mac"; sourceTree = BUILT_PRODUCTS_DIR; };
		1672BF091DCC812F006A4FB7 /* main.cpp */ = {isa = PBXFileReference; lastKnownFileType = sourcecode.cpp.cpp; path = main.cpp; sourceTree = "<group>"; };
		1672BF111DCC81F9006A4FB7 /* OpenGL.framework */ = {isa = PBXFileReference; lastKnownFileType = wrapper.framework; name = OpenGL.framework; path = System/Library/Frameworks/OpenGL.framework; sourceTree = SDKROOT; };
		1672BF131DCC821F006A4FB7 /* libglfw.3.2.dylib */ = {isa = PBXFileReference; lastKnownFileType = "compiled.mach-o.dylib"; name = libglfw.3.2.dylib; path = ../../../../../opt/local/lib/libglfw.3.2.dylib; sourceTree = "<group>"; };
/* End PBXFileReference section */

/* Begin PBXFrameworksBuildPhase section */
		1672BF031DCC812F006A4FB7 /* Frameworks */ = {
			isa = PBXFrameworksBuildPhase;
			buildActionMask = 2147483647;
			files = (
				1672BF141DCC821F006A4FB7 /* libglfw.3.2.dylib in Frameworks */,
				1672BF121DCC81F9006A4FB7 /* OpenGL.framework in Frameworks */,
			);
			runOnlyForDeploymentPostprocessing = 0;
		};
/* End PBXFrameworksBuildPhase section */

/* Begin PBXGroup section */
		1672BEFD1DCC812F006A4FB7 = {
			isa = PBXGroup;
			children = (
				1672BF081DCC812F006A4FB7 /* libigl-Demo-Mac */,
				1672BF071DCC812F006A4FB7 /* Products */,
				1672BF101DCC81F9006A4FB7 /* Frameworks */,
			);
			sourceTree = "<group>";
		};
		1672BF071DCC812F006A4FB7 /* Products */ = {
			isa = PBXGroup;
			children = (
				1672BF061DCC812F006A4FB7 /* libigl-Demo-Mac */,
			);
			name = Products;
			sourceTree = "<group>";
		};
		1672BF081DCC812F006A4FB7 /* libigl-Demo-Mac */ = {
			isa = PBXGroup;
			children = (
				1672BF091DCC812F006A4FB7 /* main.cpp */,
			);
			path = "libigl-Demo-Mac";
			sourceTree = "<group>";
		};
		1672BF101DCC81F9006A4FB7 /* Frameworks */ = {
			isa = PBXGroup;
			children = (
				1672BF131DCC821F006A4FB7 /* libglfw.3.2.dylib */,
				1672BF111DCC81F9006A4FB7 /* OpenGL.framework */,
			);
			name = Frameworks;
			sourceTree = "<group>";
		};
/* End PBXGroup section */

/* Begin PBXNativeTarget section */
		1672BF051DCC812F006A4FB7 /* libigl-Demo-Mac */ = {
			isa = PBXNativeTarget;
			buildConfigurationList = 1672BF0D1DCC812F006A4FB7 /* Build configuration list for PBXNativeTarget "libigl-Demo-Mac" */;
			buildPhases = (
				1672BF021DCC812F006A4FB7 /* Sources */,
				1672BF031DCC812F006A4FB7 /* Frameworks */,
				1672BF041DCC812F006A4FB7 /* CopyFiles */,
			);
			buildRules = (
			);
			dependencies = (
			);
			name = "libigl-Demo-Mac";
			productName = "libigl-Demo-Mac";
			productReference = 1672BF061DCC812F006A4FB7 /* libigl-Demo-Mac */;
			productType = "com.apple.product-type.tool";
		};
/* End PBXNativeTarget section */

/* Begin PBXProject section */
		1672BEFE1DCC812F006A4FB7 /* Project object */ = {
			isa = PBXProject;
			attributes = {
				LastUpgradeCheck = 0810;
				ORGANIZATIONNAME = "toru ito";
				TargetAttributes = {
					1672BF051DCC812F006A4FB7 = {
						CreatedOnToolsVersion = 8.1;
						ProvisioningStyle = Automatic;
					};
				};
			};
			buildConfigurationList = 1672BF011DCC812F006A4FB7 /* Build configuration list for PBXProject "libigl-Demo-Mac" */;
			compatibilityVersion = "Xcode 3.2";
			developmentRegion = English;
			hasScannedForEncodings = 0;
			knownRegions = (
				en,
			);
			mainGroup = 1672BEFD1DCC812F006A4FB7;
			productRefGroup = 1672BF071DCC812F006A4FB7 /* Products */;
			projectDirPath = "";
			projectRoot = "";
			targets = (
				1672BF051DCC812F006A4FB7 /* libigl-Demo-Mac */,
			);
		};
/* End PBXProject section */

/* Begin PBXSourcesBuildPhase section */
		1672BF021DCC812F006A4FB7 /* Sources */ = {
			isa = PBXSourcesBuildPhase;
			buildActionMask = 2147483647;
			files = (
				1672BF0A1DCC812F006A4FB7 /* main.cpp in Sources */,
			);
			runOnlyForDeploymentPostprocessing = 0;
		};
/* End PBXSourcesBuildPhase section */

/* Begin XCBuildConfiguration section */
		1672BF0B1DCC812F006A4FB7 /* Debug */ = {
			isa = XCBuildConfiguration;
			buildSettings = {
				ALWAYS_SEARCH_USER_PATHS = NO;
				CLANG_ANALYZER_NONNULL = YES;
				CLANG_CXX_LANGUAGE_STANDARD = "gnu++0x";
				CLANG_CXX_LIBRARY = "libc++";
				CLANG_ENABLE_MODULES = YES;
				CLANG_ENABLE_OBJC_ARC = YES;
				CLANG_WARN_BOOL_CONVERSION = YES;
				CLANG_WARN_CONSTANT_CONVERSION = YES;
				CLANG_WARN_DIRECT_OBJC_ISA_USAGE = YES_ERROR;
				CLANG_WARN_DOCUMENTATION_COMMENTS = YES;
				CLANG_WARN_EMPTY_BODY = YES;
				CLANG_WARN_ENUM_CONVERSION = YES;
				CLANG_WARN_INFINITE_RECURSION = YES;
				CLANG_WARN_INT_CONVERSION = YES;
				CLANG_WARN_OBJC_ROOT_CLASS = YES_ERROR;
				CLANG_WARN_SUSPICIOUS_MOVES = YES;
				CLANG_WARN_UNREACHABLE_CODE = YES;
				CLANG_WARN__DUPLICATE_METHOD_MATCH = YES;
				CODE_SIGN_IDENTITY = "-";
				COPY_PHASE_STRIP = NO;
				DEBUG_INFORMATION_FORMAT = dwarf;
				ENABLE_STRICT_OBJC_MSGSEND = YES;
				ENABLE_TESTABILITY = YES;
				GCC_C_LANGUAGE_STANDARD = gnu99;
				GCC_DYNAMIC_NO_PIC = NO;
				GCC_NO_COMMON_BLOCKS = YES;
				GCC_OPTIMIZATION_LEVEL = 0;
				GCC_PREPROCESSOR_DEFINITIONS = (
					"DEBUG=1",
					"$(inherited)",
				);
				GCC_WARN_64_TO_32_BIT_CONVERSION = YES;
				GCC_WARN_ABOUT_RETURN_TYPE = YES_ERROR;
				GCC_WARN_UNDECLARED_SELECTOR = YES;
				GCC_WARN_UNINITIALIZED_AUTOS = YES_AGGRESSIVE;
				GCC_WARN_UNUSED_FUNCTION = YES;
				GCC_WARN_UNUSED_VARIABLE = YES;
				MACOSX_DEPLOYMENT_TARGET = 10.12;
				MTL_ENABLE_DEBUG_INFO = YES;
				ONLY_ACTIVE_ARCH = YES;
				SDKROOT = macosx;
			};
			name = Debug;
		};
		1672BF0C1DCC812F006A4FB7 /* Release */ = {
			isa = XCBuildConfiguration;
			buildSettings = {
				ALWAYS_SEARCH_USER_PATHS = NO;
				CLANG_ANALYZER_NONNULL = YES;
				CLANG_CXX_LANGUAGE_STANDARD = "gnu++0x";
				CLANG_CXX_LIBRARY = "libc++";
				CLANG_ENABLE_MODULES = YES;
				CLANG_ENABLE_OBJC_ARC = YES;
				CLANG_WARN_BOOL_CONVERSION = YES;
				CLANG_WARN_CONSTANT_CONVERSION = YES;
				CLANG_WARN_DIRECT_OBJC_ISA_USAGE = YES_ERROR;
				CLANG_WARN_DOCUMENTATION_COMMENTS = YES;
				CLANG_WARN_EMPTY_BODY = YES;
				CLANG_WARN_ENUM_CONVERSION = YES;
				CLANG_WARN_INFINITE_RECURSION = YES;
				CLANG_WARN_INT_CONVERSION = YES;
				CLANG_WARN_OBJC_ROOT_CLASS = YES_ERROR;
				CLANG_WARN_SUSPICIOUS_MOVES = YES;
				CLANG_WARN_UNREACHABLE_CODE = YES;
				CLANG_WARN__DUPLICATE_METHOD_MATCH = YES;
				CODE_SIGN_IDENTITY = "-";
				COPY_PHASE_STRIP = NO;
				DEBUG_INFORMATION_FORMAT = "dwarf-with-dsym";
				ENABLE_NS_ASSERTIONS = NO;
				ENABLE_STRICT_OBJC_MSGSEND = YES;
				GCC_C_LANGUAGE_STANDARD = gnu99;
				GCC_NO_COMMON_BLOCKS = YES;
				GCC_WARN_64_TO_32_BIT_CONVERSION = YES;
				GCC_WARN_ABOUT_RETURN_TYPE = YES_ERROR;
				GCC_WARN_UNDECLARED_SELECTOR = YES;
				GCC_WARN_UNINITIALIZED_AUTOS = YES_AGGRESSIVE;
				GCC_WARN_UNUSED_FUNCTION = YES;
				GCC_WARN_UNUSED_VARIABLE = YES;
				MACOSX_DEPLOYMENT_TARGET = 10.12;
				MTL_ENABLE_DEBUG_INFO = NO;
				SDKROOT = macosx;
			};
			name = Release;
		};
		1672BF0E1DCC812F006A4FB7 /* Debug */ = {
			isa = XCBuildConfiguration;
			buildSettings = {
				HEADER_SEARCH_PATHS = (
					/opt/local/include,
					/opt/local/include/eigen3,
					libigl/include,
				);
				LIBRARY_SEARCH_PATHS = (
					"$(inherited)",
					/opt/local/lib,
				);
				PRODUCT_NAME = "$(TARGET_NAME)";
			};
			name = Debug;
		};
		1672BF0F1DCC812F006A4FB7 /* Release */ = {
			isa = XCBuildConfiguration;
			buildSettings = {
				HEADER_SEARCH_PATHS = (
					/opt/local/include,
					/opt/local/include/eigen3,
					libigl/include,
				);
				LIBRARY_SEARCH_PATHS = (
					"$(inherited)",
					/opt/local/lib,
				);
				PRODUCT_NAME = "$(TARGET_NAME)";
			};
			name = Release;
		};
/* End XCBuildConfiguration section */

/* Begin XCConfigurationList section */
		1672BF011DCC812F006A4FB7 /* Build configuration list for PBXProject "libigl-Demo-Mac" */ = {
			isa = XCConfigurationList;
			buildConfigurations = (
				1672BF0B1DCC812F006A4FB7 /* Debug */,
				1672BF0C1DCC812F006A4FB7 /* Release */,
			);
			defaultConfigurationIsVisible = 0;
			defaultConfigurationName = Release;
		};
		1672BF0D1DCC812F006A4FB7 /* Build configuration list for PBXNativeTarget "libigl-Demo-Mac" */ = {
			isa = XCConfigurationList;
			buildConfigurations = (
				1672BF0E1DCC812F006A4FB7 /* Debug */,
				1672BF0F1DCC812F006A4FB7 /* Release */,
			);
			defaultConfigurationIsVisible = 0;
			defaultConfigurationName = Release;
		};
/* End XCConfigurationList section */
	};
	rootObject = 1672BEFE1DCC812F006A4FB7 /* Project object */;
}
